# This file is automatically @generated by Poetry 1.8.4 and should not be changed by hand.

[[package]]
name = "engine"
version = "0.1.0"
description = "A simple engine module."
optional = false
python-versions = "^3.11"
files = []
develop = false

[package.source]
type = "directory"
url = "Module/engine"

[[package]]
name = "logging"
version = "0.4.9.6"
description = "A logging module for Python"
optional = false
python-versions = "*"
files = [
    {file = "logging-0.4.9.6.tar.gz", hash = "sha256:26f6b50773f085042d301085bd1bf5d9f3735704db9f37c1ce6d8b85c38f2417"},
]

[metadata]
lock-version = "2.0"
python-versions = "^3.11"
content-hash = "dcbb749f827983f0362063c328604e02b64fa96bd206acb86a7313ef3f411aa5"
